<Solution>
  <Configurations>
    <BuildType Name="Debug" />
    <BuildType Name="Release" />
    <Platform Name="x64" />
    <Platform Name="x86" />
    <Platform Name="ARM64" />
  </Configurations>
  <Folder Name="/src/">
    <Project Path="src/Momomi.App/Momomi.App.csproj">
      <Platform Solution="*|x64" Project="x64" />
      <Platform Solution="*|x86" Project="x86" />
      <Platform Solution="*|ARM64" Project="ARM64" />
    </Project>
    <Project Path="src/Momomi.Core/Momomi.Core.csproj">
      <Platform Solution="*|x64" Project="x64" />
      <Platform Solution="*|x86" Project="x86" />
      <Platform Solution="*|ARM64" Project="ARM64" />
    </Project>
    <Project Path="src/Momomi.Data/Momomi.Data.csproj">
      <Platform Solution="*|x64" Project="x64" />
      <Platform Solution="*|x86" Project="x86" />
      <Platform Solution="*|ARM64" Project="ARM64" />
    </Project>
    <Project Path="src/Momomi.Elevated/Momomi.Elevated.csproj">
      <Platform Solution="*|x64" Project="x64" />
      <Platform Solution="*|x86" Project="x86" />
      <Platform Solution="*|ARM64" Project="ARM64" />
    </Project>
  </Folder>
</Solution>
